
Microsoft Visual Studio Solution File, Format Version 12.00
# Visual Studio 2012
Project("{FAE04EC0-301F-11D3-BF4B-00C04F79EFBC}") = "CookieJar", "CookieJar.csproj", "{D700C2E0-EFA1-48D8-B1D0-D1AD7350370B}"
EndProject
Global
	GlobalSection(SolutionConfigurationPlatforms) = preSolution
		Debug|x86 = Debug|x86
		Release|x86 = Release|x86
	EndGlobalSection
	GlobalSection(ProjectConfigurationPlatforms) = postSolution
		{D700C2E0-EFA1-48D8-B1D0-D1AD7350370B}.Debug|x86.ActiveCfg = Debug|x86
		{D700C2E0-EFA1-48D8-B1D0-D1AD7350370B}.Debug|x86.Build.0 = Debug|x86
		{D700C2E0-EFA1-48D8-B1D0-D1AD7350370B}.Release|x86.ActiveCfg = Release|x86
		{D700C2E0-EFA1-48D8-B1D0-D1AD7350370B}.Release|x86.Build.0 = Release|x86
	EndGlobalSection
EndGlobal
